{
  "version": 4,
  "terraform_version": "1.3.3",
  "serial": 100,
  "lineage": "e19ea626-bf63-6d83-cc4c-9e56baf8bc67",
  "outputs": {},
  "resources": [
    {
      "mode": "managed",
      "type": "google_firestore_document",
      "name": "files",
      "provider": "provider[\"registry.terraform.io/hashicorp/google\"]",
      "instances": [
        {
          "schema_version": 0,
          "attributes": {
            "collection": "files",
            "create_time": "2022-11-08T15:05:12.037693Z",
            "database": "(default)",
            "document_id": "files",
            "fields": "{\"something\":{\"mapValue\":{\"fields\":{\"akey\":{\"stringValue\":\"avalue\"}}}}}",
            "id": "projects/cloud-app-366313/databases/(default)/documents/files/files",
            "name": "projects/cloud-app-366313/databases/(default)/documents/files/files",
            "path": "files/files",
            "project": "cloud-app-366313",
            "timeouts": null,
            "update_time": "2022-11-08T15:05:12.037693Z"
          },
          "sensitive_attributes": [],
          "private": "eyJlMmJmYjczMC1lY2FhLTExZTYtOGY4OC0zNDM2M2JjN2M0YzAiOnsiY3JlYXRlIjoxMjAwMDAwMDAwMDAwLCJkZWxldGUiOjEyMDAwMDAwMDAwMDAsInVwZGF0ZSI6MTIwMDAwMDAwMDAwMH19"
        }
      ]
    },
    {
      "mode": "managed",
      "type": "google_storage_bucket",
      "name": "terraform-state",
      "provider": "provider[\"registry.terraform.io/hashicorp/google\"]",
      "instances": [
        {
          "schema_version": 0,
          "attributes": {
            "cors": [],
            "custom_placement_config": [],
            "default_event_based_hold": false,
            "encryption": [],
            "force_destroy": true,
            "id": "cloud-app-terraform-state",
            "labels": {},
            "lifecycle_rule": [],
            "location": "EU",
            "logging": [],
            "name": "cloud-app-terraform-state",
            "project": "cloud-app-366313",
            "public_access_prevention": "inherited",
            "requester_pays": false,
            "retention_policy": [],
            "self_link": "https://www.googleapis.com/storage/v1/b/cloud-app-terraform-state",
            "storage_class": "STANDARD",
            "timeouts": null,
            "uniform_bucket_level_access": false,
            "url": "gs://cloud-app-terraform-state",
            "versioning": [],
            "website": []
          },
          "sensitive_attributes": [],
          "private": "eyJlMmJmYjczMC1lY2FhLTExZTYtOGY4OC0zNDM2M2JjN2M0YzAiOnsiY3JlYXRlIjoyNDAwMDAwMDAwMDAsInJlYWQiOjI0MDAwMDAwMDAwMCwidXBkYXRlIjoyNDAwMDAwMDAwMDB9fQ=="
        }
      ]
    }
  ],
  "check_results": []
}
